
Microsoft Visual Studio Solution File, Format Version 12.00
# Visual Studio Version 17
VisualStudioVersion = 17.6.33712.159
MinimumVisualStudioVersion = 10.0.40219.1
Project("{FAE04EC0-301F-11D3-BF4B-00C04F79EFBC}") = "DumpCRUDWinformApplication", "DumpCRUDWinformApplication\DumpCRUDWinformApplication.csproj", "{512D6469-D939-4A06-AF0F-E37C091DC6C0}"
EndProject
Global
	GlobalSection(SolutionConfigurationPlatforms) = preSolution
		Debug|Any CPU = Debug|Any CPU
		Release|Any CPU = Release|Any CPU
	EndGlobalSection
	GlobalSection(ProjectConfigurationPlatforms) = postSolution
		{512D6469-D939-4A06-AF0F-E37C091DC6C0}.Debug|Any CPU.ActiveCfg = Debug|Any CPU
		{512D6469-D939-4A06-AF0F-E37C091DC6C0}.Debug|Any CPU.Build.0 = Debug|Any CPU
		{512D6469-D939-4A06-AF0F-E37C091DC6C0}.Release|Any CPU.ActiveCfg = Release|Any CPU
		{512D6469-D939-4A06-AF0F-E37C091DC6C0}.Release|Any CPU.Build.0 = Release|Any CPU
	EndGlobalSection
	GlobalSection(SolutionProperties) = preSolution
		HideSolutionNode = FALSE
	EndGlobalSection
	GlobalSection(ExtensibilityGlobals) = postSolution
		SolutionGuid = {AD4D43E1-E424-4CF1-A784-3DD4FE542FED}
	EndGlobalSection
EndGlobal
